// !$*UTF8*$!
{
	archiveVersion = 1;
	classes = {
	};
	objectVersion = 77;
	objects = {

/* Begin PBXBuildFile section */
		03C7F1B5AAAA80CA1C1173E2 /* iSnapWidget.swift in Sources */ = {isa = PBXBuildFile; fileRef = BD1A797C735C7F5C0862ACDF /* iSnapWidget.swift */; };
		05935E9E231E6907F996FDA9 /* DocVaultService.swift in Sources */ = {isa = PBXBuildFile; fileRef = DA5B380A52118C99DCD766E8 /* DocVaultService.swift */; };
		0797966117A9C4AA63E34D84 /* Localizable.xcstrings in Resources */ = {isa = PBXBuildFile; fileRef = 2A88EA21CE0C1228ED5ED6A5 /* Localizable.xcstrings */; };
		131C9462160D353BEA43A7B2 /* BackgroundImageStore.swift in Sources */ = {isa = PBXBuildFile; fileRef = 6706D240A38FDEC286D91A80 /* BackgroundImageStore.swift */; };
		157B08AE03A0D18833D5AAB3 /* Assets.xcassets in Resources */ = {isa = PBXBuildFile; fileRef = 12D381E5CF53D210141C7703 /* Assets.xcassets */; };
		15C85B90980F4B6361A5B273 /* ImageIOService.swift in Sources */ = {isa = PBXBuildFile; fileRef = AED1B9660E1D2F3E2E62A471 /* ImageIOService.swift */; };
		1DADBF2769BA64770BAD5FAD /* AnnotationToolbar.swift in Sources */ = {isa = PBXBuildFile; fileRef = E5445A9E81AE86F23A3D843E /* AnnotationToolbar.swift */; };
		237587E31DFFDFDBD6B57CFF /* ExportRenderer.swift in Sources */ = {isa = PBXBuildFile; fileRef = E1234496FB9B35E4851BE1EA /* ExportRenderer.swift */; };
		257D0EE3B9DAB946B13A25CA /* WidgetSnapshotService.swift in Sources */ = {isa = PBXBuildFile; fileRef = 78D7EBA03B07BA282654F1AF /* WidgetSnapshotService.swift */; };
		2C2A8951D883C85E29BB6E65 /* SettingsView.swift in Sources */ = {isa = PBXBuildFile; fileRef = F69C342602FADCD08FA79C86 /* SettingsView.swift */; };
		2F0371B537ADA42E5E513DE7 /* AppLanguage.swift in Sources */ = {isa = PBXBuildFile; fileRef = DDE93310F636424CB72CBB7D /* AppLanguage.swift */; };
		30AD25CD9F318BC1CEABA35B /* GoogleDriveUploader.swift in Sources */ = {isa = PBXBuildFile; fileRef = 5D0658D45F80E9E554807C7F /* GoogleDriveUploader.swift */; };
		31639E4FC5F895213DCFEF34 /* ScreenshotParseView.swift in Sources */ = {isa = PBXBuildFile; fileRef = A526904CA570FB8F6AE5543A /* ScreenshotParseView.swift */; };
		333D7D755E2418135E5008FC /* LaunchAtLoginService.swift in Sources */ = {isa = PBXBuildFile; fileRef = 4DCF65C7C004ABFEA3E6CE57 /* LaunchAtLoginService.swift */; };
		3D435BB4A2D93B93F4085C59 /* ContentView.swift in Sources */ = {isa = PBXBuildFile; fileRef = 01E36F9109267CDC739302F5 /* ContentView.swift */; };
		45AE26D63EC3F9B856C5C220 /* RegionCaptureCoordinator.swift in Sources */ = {isa = PBXBuildFile; fileRef = B67308BEE94DF7F1E071C0C0 /* RegionCaptureCoordinator.swift */; };
		4A8BDDA26D3D07E001FD6B82 /* SystemMarkupService.swift in Sources */ = {isa = PBXBuildFile; fileRef = D506797C070E47973B3CD13B /* SystemMarkupService.swift */; };
		5CED5BEECA8211BD033594ED /* EditorDocument.swift in Sources */ = {isa = PBXBuildFile; fileRef = 13F4542855F351174EA72549 /* EditorDocument.swift */; };
		5E68886067CFD1042751613E /* CaptureLineTests.swift in Sources */ = {isa = PBXBuildFile; fileRef = A3E5359B3D6BA8CB804FBFA9 /* CaptureLineTests.swift */; };
		5F2F2047C07FE752423AF7F8 /* GlobalHotkeyService.swift in Sources */ = {isa = PBXBuildFile; fileRef = ED55EDF13C141972096F9C0D /* GlobalHotkeyService.swift */; };
		61F5CAC95889899C7BAEF4DC /* CanvasSettingsPanel.swift in Sources */ = {isa = PBXBuildFile; fileRef = EFEC71D5C8DF8B70E5102004 /* CanvasSettingsPanel.swift */; };
		64DAF9434207B82A4AEA9C7C /* LibraryView.swift in Sources */ = {isa = PBXBuildFile; fileRef = CC2A93D0FE31F3EA6449DCE8 /* LibraryView.swift */; };
		65E6BF9C8F3C2DBDC08F8A3E /* iSnapWidget.appex in Embed Foundation Extensions */ = {isa = PBXBuildFile; fileRef = 69387647E2AECFC981557B91 /* iSnapWidget.appex */; settings = {ATTRIBUTES = (RemoveHeadersOnCopy, ); }; };
		6F3979F042D08012BF8D168C /* ExportService.swift in Sources */ = {isa = PBXBuildFile; fileRef = A540FA32630034DECF40FF43 /* ExportService.swift */; };
		75322824D8E9724B8422E152 /* LibraryThumbnail.swift in Sources */ = {isa = PBXBuildFile; fileRef = A1D218FFEDB1F4757F90042A /* LibraryThumbnail.swift */; };
		7BF2786852856B601028DD82 /* EditorCanvas.swift in Sources */ = {isa = PBXBuildFile; fileRef = 4773E5F04F6375F4502ECC31 /* EditorCanvas.swift */; };
		8B0B619DFF38CF91884DB695 /* LibraryService.swift in Sources */ = {isa = PBXBuildFile; fileRef = A90369A72B01878BC4675E59 /* LibraryService.swift */; };
		8C7A15F4A7473B33883DA427 /* AppModel.swift in Sources */ = {isa = PBXBuildFile; fileRef = A4067B80CD8C48C709E9F2ED /* AppModel.swift */; };
		8E3DD364FB15FE6AAF3A9DE9 /* KeychainStore.swift in Sources */ = {isa = PBXBuildFile; fileRef = EC6EEB11484FE6F959F3896C /* KeychainStore.swift */; };
		9442C7129B1B06F9587CDFAF /* WindowPickerView.swift in Sources */ = {isa = PBXBuildFile; fileRef = 94E60C047181BABC8F0A0CD3 /* WindowPickerView.swift */; };
		953FA9EDD7661876F8F03619 /* AuthenticationServices.framework in Frameworks */ = {isa = PBXBuildFile; fileRef = B96AEFFAAB052D21741F65A3 /* AuthenticationServices.framework */; };
		99CA71211A895F54B4B4A06A /* CaptureLineFlight.swift in Sources */ = {isa = PBXBuildFile; fileRef = E1DBB9993E55846160F702FD /* CaptureLineFlight.swift */; };
		9E6E7995E5E19BEDCDDEE906 /* CaptureLineView.swift in Sources */ = {isa = PBXBuildFile; fileRef = 437B59B819A284856EF14805 /* CaptureLineView.swift */; };
		A3258223A884F84E875D7267 /* CaptureService.swift in Sources */ = {isa = PBXBuildFile; fileRef = 6C7BDDE1C82A5FCDF032FE65 /* CaptureService.swift */; };
		A5C227677BF602D10C0D85F7 /* iSnapApp.swift in Sources */ = {isa = PBXBuildFile; fileRef = E156B8592D5FDC0BC59B970F /* iSnapApp.swift */; };
		A8B36BBEA7571965B98A16A0 /* ScreenshotParserService.swift in Sources */ = {isa = PBXBuildFile; fileRef = F41911CE1EC6D36384417D58 /* ScreenshotParserService.swift */; };
		B62CB0827A359E81CE35676C /* R2Uploader.swift in Sources */ = {isa = PBXBuildFile; fileRef = F71C15F657D513B017279CBB /* R2Uploader.swift */; };
		CA07CB97BC7405924B7204B6 /* HotkeyRecorder.swift in Sources */ = {isa = PBXBuildFile; fileRef = D3314986780D4490B760B9DF /* HotkeyRecorder.swift */; };
		D00E2A4EC6A9C1E801671B6C /* CaptureLineController.swift in Sources */ = {isa = PBXBuildFile; fileRef = 0CE03EE3F154DD5F6C664185 /* CaptureLineController.swift */; };
		D2E00C0F4FDD80EAAA5755F4 /* CaptureLine.swift in Sources */ = {isa = PBXBuildFile; fileRef = 2B341224EE77FA8B53C1DAD1 /* CaptureLine.swift */; };
		D529B6522AA18B6F6475C195 /* AppModels.swift in Sources */ = {isa = PBXBuildFile; fileRef = AA3C42CB2810DF5639845FBE /* AppModels.swift */; };
		DA85E083F62232D38D9FAF1C /* ScreenshotFolderWatcher.swift in Sources */ = {isa = PBXBuildFile; fileRef = C4FBBE69F12DAB55855A47FD /* ScreenshotFolderWatcher.swift */; };
		DBD3DF7C107CC3AB81A3564C /* CaptureToolbar.swift in Sources */ = {isa = PBXBuildFile; fileRef = 09F557AADDA78A880E09D3C6 /* CaptureToolbar.swift */; };
		DF00FE7AB936C04E3AA72A39 /* SettingsStore.swift in Sources */ = {isa = PBXBuildFile; fileRef = 598F5D57AFA8754D6B0FEA39 /* SettingsStore.swift */; };
		E4468B47CE961D9C101694D1 /* AppSettings.swift in Sources */ = {isa = PBXBuildFile; fileRef = C6B9EFE2FBE13614773D91E7 /* AppSettings.swift */; };
		E700FAB0E3EEAA1345E30345 /* ModelTests.swift in Sources */ = {isa = PBXBuildFile; fileRef = 6954CAD6E4AEA51838697C22 /* ModelTests.swift */; };
		E7FAB9A6A0C507ED58853CB3 /* UpdateService.swift in Sources */ = {isa = PBXBuildFile; fileRef = C0D0E2B012B7735EEFE989D4 /* UpdateService.swift */; };
		FAE6E319DB64EB696744FFB7 /* Annotation.swift in Sources */ = {isa = PBXBuildFile; fileRef = C4E1C235EFE48826EF27FDFC /* Annotation.swift */; };
/* End PBXBuildFile section */

/* Begin PBXContainerItemProxy section */
		4E6C10BD3D9188B88159BF20 /* PBXContainerItemProxy */ = {
			isa = PBXContainerItemProxy;
			containerPortal = 0CC96839766523E530AB297B /* Project object */;
			proxyType = 1;
			remoteGlobalIDString = 2928ACDD44499FDD027F2DE9;
			remoteInfo = iSnapWidget;
		};
		8400B8801099EAF590A4CBEB /* PBXContainerItemProxy */ = {
			isa = PBXContainerItemProxy;
			containerPortal = 0CC96839766523E530AB297B /* Project object */;
			proxyType = 1;
			remoteGlobalIDString = 2EBBCB03587F9A4AB99D350A;
			remoteInfo = iSnap;
		};
/* End PBXContainerItemProxy section */

/* Begin PBXCopyFilesBuildPhase section */
		8774C649C5CE6396192507F2 /* Embed Foundation Extensions */ = {
			isa = PBXCopyFilesBuildPhase;
			buildActionMask = 2147483647;
			dstPath = "";
			dstSubfolderSpec = 13;
			files = (
				65E6BF9C8F3C2DBDC08F8A3E /* iSnapWidget.appex in Embed Foundation Extensions */,
			);
			name = "Embed Foundation Extensions";
			runOnlyForDeploymentPostprocessing = 0;
		};
/* End PBXCopyFilesBuildPhase section */

/* Begin PBXFileReference section */
		01E36F9109267CDC739302F5 /* ContentView.swift */ = {isa = PBXFileReference; lastKnownFileType = sourcecode.swift; path = ContentView.swift; sourceTree = "<group>"; };
		09F557AADDA78A880E09D3C6 /* CaptureToolbar.swift */ = {isa = PBXFileReference; lastKnownFileType = sourcecode.swift; path = CaptureToolbar.swift; sourceTree = "<group>"; };
		0CE03EE3F154DD5F6C664185 /* CaptureLineController.swift */ = {isa = PBXFileReference; lastKnownFileType = sourcecode.swift; path = CaptureLineController.swift; sourceTree = "<group>"; };
		12D381E5CF53D210141C7703 /* Assets.xcassets */ = {isa = PBXFileReference; lastKnownFileType = folder.assetcatalog; path = Assets.xcassets; sourceTree = "<group>"; };
		13F4542855F351174EA72549 /* EditorDocument.swift */ = {isa = PBXFileReference; lastKnownFileType = sourcecode.swift; path = EditorDocument.swift; sourceTree = "<group>"; };
		2A88EA21CE0C1228ED5ED6A5 /* Localizable.xcstrings */ = {isa = PBXFileReference; lastKnownFileType = text.json.xcstrings; path = Localizable.xcstrings; sourceTree = "<group>"; };
		2B341224EE77FA8B53C1DAD1 /* CaptureLine.swift */ = {isa = PBXFileReference; lastKnownFileType = sourcecode.swift; path = CaptureLine.swift; sourceTree = "<group>"; };
		3948BEC76FA8E00817E48D1C /* iSnap.app */ = {isa = PBXFileReference; explicitFileType = wrapper.application; includeInIndex = 0; path = iSnap.app; sourceTree = BUILT_PRODUCTS_DIR; };
		4066868EBB2AE982131057E6 /* iSnapWidget.entitlements */ = {isa = PBXFileReference; lastKnownFileType = text.plist.entitlements; path = iSnapWidget.entitlements; sourceTree = "<group>"; };
		437B59B819A284856EF14805 /* CaptureLineView.swift */ = {isa = PBXFileReference; lastKnownFileType = sourcecode.swift; path = CaptureLineView.swift; sourceTree = "<group>"; };
		4773E5F04F6375F4502ECC31 /* EditorCanvas.swift */ = {isa = PBXFileReference; lastKnownFileType = sourcecode.swift; path = EditorCanvas.swift; sourceTree = "<group>"; };
		4DCF65C7C004ABFEA3E6CE57 /* LaunchAtLoginService.swift */ = {isa = PBXFileReference; lastKnownFileType = sourcecode.swift; path = LaunchAtLoginService.swift; sourceTree = "<group>"; };
		598F5D57AFA8754D6B0FEA39 /* SettingsStore.swift */ = {isa = PBXFileReference; lastKnownFileType = sourcecode.swift; path = SettingsStore.swift; sourceTree = "<group>"; };
		5D0658D45F80E9E554807C7F /* GoogleDriveUploader.swift */ = {isa = PBXFileReference; lastKnownFileType = sourcecode.swift; path = GoogleDriveUploader.swift; sourceTree = "<group>"; };
		6706D240A38FDEC286D91A80 /* BackgroundImageStore.swift */ = {isa = PBXFileReference; lastKnownFileType = sourcecode.swift; path = BackgroundImageStore.swift; sourceTree = "<group>"; };
		69387647E2AECFC981557B91 /* iSnapWidget.appex */ = {isa = PBXFileReference; explicitFileType = "wrapper.app-extension"; includeInIndex = 0; path = iSnapWidget.appex; sourceTree = BUILT_PRODUCTS_DIR; };
		6954CAD6E4AEA51838697C22 /* ModelTests.swift */ = {isa = PBXFileReference; lastKnownFileType = sourcecode.swift; path = ModelTests.swift; sourceTree = "<group>"; };
		6C7BDDE1C82A5FCDF032FE65 /* CaptureService.swift */ = {isa = PBXFileReference; lastKnownFileType = sourcecode.swift; path = CaptureService.swift; sourceTree = "<group>"; };
		78D7EBA03B07BA282654F1AF /* WidgetSnapshotService.swift */ = {isa = PBXFileReference; lastKnownFileType = sourcecode.swift; path = WidgetSnapshotService.swift; sourceTree = "<group>"; };
		94E60C047181BABC8F0A0CD3 /* WindowPickerView.swift */ = {isa = PBXFileReference; lastKnownFileType = sourcecode.swift; path = WindowPickerView.swift; sourceTree = "<group>"; };
		A1D218FFEDB1F4757F90042A /* LibraryThumbnail.swift */ = {isa = PBXFileReference; lastKnownFileType = sourcecode.swift; path = LibraryThumbnail.swift; sourceTree = "<group>"; };
		A3E5359B3D6BA8CB804FBFA9 /* CaptureLineTests.swift */ = {isa = PBXFileReference; lastKnownFileType = sourcecode.swift; path = CaptureLineTests.swift; sourceTree = "<group>"; };
		A4067B80CD8C48C709E9F2ED /* AppModel.swift */ = {isa = PBXFileReference; lastKnownFileType = sourcecode.swift; path = AppModel.swift; sourceTree = "<group>"; };
		A526904CA570FB8F6AE5543A /* ScreenshotParseView.swift */ = {isa = PBXFileReference; lastKnownFileType = sourcecode.swift; path = ScreenshotParseView.swift; sourceTree = "<group>"; };
		A540FA32630034DECF40FF43 /* ExportService.swift */ = {isa = PBXFileReference; lastKnownFileType = sourcecode.swift; path = ExportService.swift; sourceTree = "<group>"; };
		A90369A72B01878BC4675E59 /* LibraryService.swift */ = {isa = PBXFileReference; lastKnownFileType = sourcecode.swift; path = LibraryService.swift; sourceTree = "<group>"; };
		AA3C42CB2810DF5639845FBE /* AppModels.swift */ = {isa = PBXFileReference; lastKnownFileType = sourcecode.swift; path = AppModels.swift; sourceTree = "<group>"; };
		AEBD899AB2B5EC9ACCB30641 /* Info.plist */ = {isa = PBXFileReference; lastKnownFileType = text.plist; path = Info.plist; sourceTree = "<group>"; };
		AED1B9660E1D2F3E2E62A471 /* ImageIOService.swift */ = {isa = PBXFileReference; lastKnownFileType = sourcecode.swift; path = ImageIOService.swift; sourceTree = "<group>"; };
		B67308BEE94DF7F1E071C0C0 /* RegionCaptureCoordinator.swift */ = {isa = PBXFileReference; lastKnownFileType = sourcecode.swift; path = RegionCaptureCoordinator.swift; sourceTree = "<group>"; };
		B96AEFFAAB052D21741F65A3 /* AuthenticationServices.framework */ = {isa = PBXFileReference; lastKnownFileType = wrapper.framework; name = AuthenticationServices.framework; path = System/Library/Frameworks/AuthenticationServices.framework; sourceTree = SDKROOT; };
		BD1A797C735C7F5C0862ACDF /* iSnapWidget.swift */ = {isa = PBXFileReference; lastKnownFileType = sourcecode.swift; path = iSnapWidget.swift; sourceTree = "<group>"; };
		C08C18A5472D1A93520DED2E /* iSnap.entitlements */ = {isa = PBXFileReference; lastKnownFileType = text.plist.entitlements; path = iSnap.entitlements; sourceTree = "<group>"; };
		C0D0E2B012B7735EEFE989D4 /* UpdateService.swift */ = {isa = PBXFileReference; lastKnownFileType = sourcecode.swift; path = UpdateService.swift; sourceTree = "<group>"; };
		C4E1C235EFE48826EF27FDFC /* Annotation.swift */ = {isa = PBXFileReference; lastKnownFileType = sourcecode.swift; path = Annotation.swift; sourceTree = "<group>"; };
		C4FBBE69F12DAB55855A47FD /* ScreenshotFolderWatcher.swift */ = {isa = PBXFileReference; lastKnownFileType = sourcecode.swift; path = ScreenshotFolderWatcher.swift; sourceTree = "<group>"; };
		C6B9EFE2FBE13614773D91E7 /* AppSettings.swift */ = {isa = PBXFileReference; lastKnownFileType = sourcecode.swift; path = AppSettings.swift; sourceTree = "<group>"; };
		CC2A93D0FE31F3EA6449DCE8 /* LibraryView.swift */ = {isa = PBXFileReference; lastKnownFileType = sourcecode.swift; path = LibraryView.swift; sourceTree = "<group>"; };
		D3314986780D4490B760B9DF /* HotkeyRecorder.swift */ = {isa = PBXFileReference; lastKnownFileType = sourcecode.swift; path = HotkeyRecorder.swift; sourceTree = "<group>"; };
		D506797C070E47973B3CD13B /* SystemMarkupService.swift */ = {isa = PBXFileReference; lastKnownFileType = sourcecode.swift; path = SystemMarkupService.swift; sourceTree = "<group>"; };
		DA5B380A52118C99DCD766E8 /* DocVaultService.swift */ = {isa = PBXFileReference; lastKnownFileType = sourcecode.swift; path = DocVaultService.swift; sourceTree = "<group>"; };
		DDE93310F636424CB72CBB7D /* AppLanguage.swift */ = {isa = PBXFileReference; lastKnownFileType = sourcecode.swift; path = AppLanguage.swift; sourceTree = "<group>"; };
		E1234496FB9B35E4851BE1EA /* ExportRenderer.swift */ = {isa = PBXFileReference; lastKnownFileType = sourcecode.swift; path = ExportRenderer.swift; sourceTree = "<group>"; };
		E156B8592D5FDC0BC59B970F /* iSnapApp.swift */ = {isa = PBXFileReference; lastKnownFileType = sourcecode.swift; path = iSnapApp.swift; sourceTree = "<group>"; };
		E180622294AFBA0095853257 /* Info.plist */ = {isa = PBXFileReference; lastKnownFileType = text.plist; path = Info.plist; sourceTree = "<group>"; };
		E1DBB9993E55846160F702FD /* CaptureLineFlight.swift */ = {isa = PBXFileReference; lastKnownFileType = sourcecode.swift; path = CaptureLineFlight.swift; sourceTree = "<group>"; };
		E5445A9E81AE86F23A3D843E /* AnnotationToolbar.swift */ = {isa = PBXFileReference; lastKnownFileType = sourcecode.swift; path = AnnotationToolbar.swift; sourceTree = "<group>"; };
		EC6EEB11484FE6F959F3896C /* KeychainStore.swift */ = {isa = PBXFileReference; lastKnownFileType = sourcecode.swift; path = KeychainStore.swift; sourceTree = "<group>"; };
		ED55EDF13C141972096F9C0D /* GlobalHotkeyService.swift */ = {isa = PBXFileReference; lastKnownFileType = sourcecode.swift; path = GlobalHotkeyService.swift; sourceTree = "<group>"; };
		EFEC71D5C8DF8B70E5102004 /* CanvasSettingsPanel.swift */ = {isa = PBXFileReference; lastKnownFileType = sourcecode.swift; path = CanvasSettingsPanel.swift; sourceTree = "<group>"; };
		F41911CE1EC6D36384417D58 /* ScreenshotParserService.swift */ = {isa = PBXFileReference; lastKnownFileType = sourcecode.swift; path = ScreenshotParserService.swift; sourceTree = "<group>"; };
		F69C342602FADCD08FA79C86 /* SettingsView.swift */ = {isa = PBXFileReference; lastKnownFileType = sourcecode.swift; path = SettingsView.swift; sourceTree = "<group>"; };
		F71C15F657D513B017279CBB /* R2Uploader.swift */ = {isa = PBXFileReference; lastKnownFileType = sourcecode.swift; path = R2Uploader.swift; sourceTree = "<group>"; };
		F722C39D496444D0B7AE2D26 /* iSnapTests.xctest */ = {isa = PBXFileReference; explicitFileType = wrapper.cfbundle; includeInIndex = 0; path = iSnapTests.xctest; sourceTree = BUILT_PRODUCTS_DIR; };
/* End PBXFileReference section */

/* Begin PBXFrameworksBuildPhase section */
		FC126224F27F6E30A4E041B6 /* Frameworks */ = {
			isa = PBXFrameworksBuildPhase;
			buildActionMask = 2147483647;
			files = (
				953FA9EDD7661876F8F03619 /* AuthenticationServices.framework in Frameworks */,
			);
			runOnlyForDeploymentPostprocessing = 0;
		};
/* End PBXFrameworksBuildPhase section */

/* Begin PBXGroup section */
		0ECBA37D0EBC95A7B6C65035 /* Sources */ = {
			isa = PBXGroup;
			children = (
				94D20E0C1D57D64A2F003126 /* iSnap */,
				FE891720DA0D19A711660DB6 /* iSnapWidget */,
			);
			path = Sources;
			sourceTree = "<group>";
		};
		5571A912DDDCBCA430E84C0C /* Products */ = {
			isa = PBXGroup;
			children = (
				3948BEC76FA8E00817E48D1C /* iSnap.app */,
				F722C39D496444D0B7AE2D26 /* iSnapTests.xctest */,
				69387647E2AECFC981557B91 /* iSnapWidget.appex */,
			);
			name = Products;
			sourceTree = "<group>";
		};
		7616866D5FD5FF73B9447430 /* Tests */ = {
			isa = PBXGroup;
			children = (
				FB9048A330195452E788A97C /* iSnapTests */,
			);
			path = Tests;
			sourceTree = "<group>";
		};
		89643B90EF8BFD8FC7BAB57F /* Frameworks */ = {
			isa = PBXGroup;
			children = (
				B96AEFFAAB052D21741F65A3 /* AuthenticationServices.framework */,
			);
			name = Frameworks;
			sourceTree = "<group>";
		};
		94D20E0C1D57D64A2F003126 /* iSnap */ = {
			isa = PBXGroup;
			children = (
				AD0FCBA02685DFFBFA8D2293 /* App */,
				D382C07D9BEE338C2CB990CB /* Models */,
				FD1BF5548428F23A67AF12F1 /* Resources */,
				D6FDC24D41265E1D4C80F343 /* Services */,
				E8CF39D6B23581D4A1E27B84 /* Views */,
			);
			path = iSnap;
			sourceTree = "<group>";
		};
		A57DD72FA3B96D40722A4103 = {
			isa = PBXGroup;
			children = (
				12D381E5CF53D210141C7703 /* Assets.xcassets */,
				0ECBA37D0EBC95A7B6C65035 /* Sources */,
				7616866D5FD5FF73B9447430 /* Tests */,
				89643B90EF8BFD8FC7BAB57F /* Frameworks */,
				5571A912DDDCBCA430E84C0C /* Products */,
			);
			sourceTree = "<group>";
		};
		AD0FCBA02685DFFBFA8D2293 /* App */ = {
			isa = PBXGroup;
			children = (
				A4067B80CD8C48C709E9F2ED /* AppModel.swift */,
				E156B8592D5FDC0BC59B970F /* iSnapApp.swift */,
			);
			path = App;
			sourceTree = "<group>";
		};
		D382C07D9BEE338C2CB990CB /* Models */ = {
			isa = PBXGroup;
			children = (
				C4E1C235EFE48826EF27FDFC /* Annotation.swift */,
				DDE93310F636424CB72CBB7D /* AppLanguage.swift */,
				AA3C42CB2810DF5639845FBE /* AppModels.swift */,
				C6B9EFE2FBE13614773D91E7 /* AppSettings.swift */,
				2B341224EE77FA8B53C1DAD1 /* CaptureLine.swift */,
				13F4542855F351174EA72549 /* EditorDocument.swift */,
			);
			path = Models;
			sourceTree = "<group>";
		};
		D6FDC24D41265E1D4C80F343 /* Services */ = {
			isa = PBXGroup;
			children = (
				6706D240A38FDEC286D91A80 /* BackgroundImageStore.swift */,
				0CE03EE3F154DD5F6C664185 /* CaptureLineController.swift */,
				6C7BDDE1C82A5FCDF032FE65 /* CaptureService.swift */,
				DA5B380A52118C99DCD766E8 /* DocVaultService.swift */,
				E1234496FB9B35E4851BE1EA /* ExportRenderer.swift */,
				A540FA32630034DECF40FF43 /* ExportService.swift */,
				ED55EDF13C141972096F9C0D /* GlobalHotkeyService.swift */,
				5D0658D45F80E9E554807C7F /* GoogleDriveUploader.swift */,
				AED1B9660E1D2F3E2E62A471 /* ImageIOService.swift */,
				EC6EEB11484FE6F959F3896C /* KeychainStore.swift */,
				4DCF65C7C004ABFEA3E6CE57 /* LaunchAtLoginService.swift */,
				A90369A72B01878BC4675E59 /* LibraryService.swift */,
				F71C15F657D513B017279CBB /* R2Uploader.swift */,
				B67308BEE94DF7F1E071C0C0 /* RegionCaptureCoordinator.swift */,
				C4FBBE69F12DAB55855A47FD /* ScreenshotFolderWatcher.swift */,
				F41911CE1EC6D36384417D58 /* ScreenshotParserService.swift */,
				598F5D57AFA8754D6B0FEA39 /* SettingsStore.swift */,
				D506797C070E47973B3CD13B /* SystemMarkupService.swift */,
				C0D0E2B012B7735EEFE989D4 /* UpdateService.swift */,
				78D7EBA03B07BA282654F1AF /* WidgetSnapshotService.swift */,
			);
			path = Services;
			sourceTree = "<group>";
		};
		E8CF39D6B23581D4A1E27B84 /* Views */ = {
			isa = PBXGroup;
			children = (
				E5445A9E81AE86F23A3D843E /* AnnotationToolbar.swift */,
				EFEC71D5C8DF8B70E5102004 /* CanvasSettingsPanel.swift */,
				E1DBB9993E55846160F702FD /* CaptureLineFlight.swift */,
				437B59B819A284856EF14805 /* CaptureLineView.swift */,
				09F557AADDA78A880E09D3C6 /* CaptureToolbar.swift */,
				01E36F9109267CDC739302F5 /* ContentView.swift */,
				4773E5F04F6375F4502ECC31 /* EditorCanvas.swift */,
				D3314986780D4490B760B9DF /* HotkeyRecorder.swift */,
				A1D218FFEDB1F4757F90042A /* LibraryThumbnail.swift */,
				CC2A93D0FE31F3EA6449DCE8 /* LibraryView.swift */,
				A526904CA570FB8F6AE5543A /* ScreenshotParseView.swift */,
				F69C342602FADCD08FA79C86 /* SettingsView.swift */,
				94E60C047181BABC8F0A0CD3 /* WindowPickerView.swift */,
			);
			path = Views;
			sourceTree = "<group>";
		};
		FB9048A330195452E788A97C /* iSnapTests */ = {
			isa = PBXGroup;
			children = (
				A3E5359B3D6BA8CB804FBFA9 /* CaptureLineTests.swift */,
				6954CAD6E4AEA51838697C22 /* ModelTests.swift */,
			);
			path = iSnapTests;
			sourceTree = "<group>";
		};
		FD1BF5548428F23A67AF12F1 /* Resources */ = {
			isa = PBXGroup;
			children = (
				AEBD899AB2B5EC9ACCB30641 /* Info.plist */,
				C08C18A5472D1A93520DED2E /* iSnap.entitlements */,
				2A88EA21CE0C1228ED5ED6A5 /* Localizable.xcstrings */,
			);
			path = Resources;
			sourceTree = "<group>";
		};
		FE891720DA0D19A711660DB6 /* iSnapWidget */ = {
			isa = PBXGroup;
			children = (
				E180622294AFBA0095853257 /* Info.plist */,
				4066868EBB2AE982131057E6 /* iSnapWidget.entitlements */,
				BD1A797C735C7F5C0862ACDF /* iSnapWidget.swift */,
			);
			path = iSnapWidget;
			sourceTree = "<group>";
		};
/* End PBXGroup section */

/* Begin PBXNativeTarget section */
		2928ACDD44499FDD027F2DE9 /* iSnapWidget */ = {
			isa = PBXNativeTarget;
			buildConfigurationList = 65E3BDFA1BA5A7D7F41989E6 /* Build configuration list for PBXNativeTarget "iSnapWidget" */;
			buildPhases = (
				146C5D07D83BDD91724EE468 /* Sources */,
			);
			buildRules = (
			);
			dependencies = (
			);
			name = iSnapWidget;
			packageProductDependencies = (
			);
			productName = iSnapWidget;
			productReference = 69387647E2AECFC981557B91 /* iSnapWidget.appex */;
			productType = "com.apple.product-type.app-extension";
		};
		2EBBCB03587F9A4AB99D350A /* iSnap */ = {
			isa = PBXNativeTarget;
			buildConfigurationList = 153C71BF2685F3D07E0A36EC /* Build configuration list for PBXNativeTarget "iSnap" */;
			buildPhases = (
				30CEF6FEF63F6E5954C57608 /* Sources */,
				56890D462B8F01165EB16A7C /* Resources */,
				FC126224F27F6E30A4E041B6 /* Frameworks */,
				8774C649C5CE6396192507F2 /* Embed Foundation Extensions */,
			);
			buildRules = (
			);
			dependencies = (
				C5855F317C605921564AAAE1 /* PBXTargetDependency */,
			);
			name = iSnap;
			packageProductDependencies = (
			);
			productName = iSnap;
			productReference = 3948BEC76FA8E00817E48D1C /* iSnap.app */;
			productType = "com.apple.product-type.application";
		};
		EE1392BC878FF83BF95509D0 /* iSnapTests */ = {
			isa = PBXNativeTarget;
			buildConfigurationList = EFA25DEE4D0C469BC0CCCD5F /* Build configuration list for PBXNativeTarget "iSnapTests" */;
			buildPhases = (
				62F469FB35472D7A5937D70B /* Sources */,
			);
			buildRules = (
			);
			dependencies = (
				0A2263503C86DA56090FB9B6 /* PBXTargetDependency */,
			);
			name = iSnapTests;
			packageProductDependencies = (
			);
			productName = iSnapTests;
			productReference = F722C39D496444D0B7AE2D26 /* iSnapTests.xctest */;
			productType = "com.apple.product-type.bundle.unit-test";
		};
/* End PBXNativeTarget section */

/* Begin PBXProject section */
		0CC96839766523E530AB297B /* Project object */ = {
			isa = PBXProject;
			attributes = {
				BuildIndependentTargetsInParallel = YES;
				LastUpgradeCheck = 1430;
				TargetAttributes = {
					2928ACDD44499FDD027F2DE9 = {
						DevelopmentTeam = TXD67UY7X2;
						ProvisioningStyle = Automatic;
					};
					2EBBCB03587F9A4AB99D350A = {
						DevelopmentTeam = TXD67UY7X2;
						ProvisioningStyle = Automatic;
					};
					EE1392BC878FF83BF95509D0 = {
						DevelopmentTeam = TXD67UY7X2;
						ProvisioningStyle = Automatic;
					};
				};
			};
			buildConfigurationList = C009C80984C7B50DA4EFF2FC /* Build configuration list for PBXProject "iSnap" */;
			developmentRegion = en;
			hasScannedForEncodings = 0;
			knownRegions = (
				Base,
				en,
			);
			mainGroup = A57DD72FA3B96D40722A4103;
			minimizedProjectReferenceProxies = 1;
			preferredProjectObjectVersion = 77;
			productRefGroup = 5571A912DDDCBCA430E84C0C /* Products */;
			projectDirPath = "";
			projectRoot = "";
			targets = (
				2EBBCB03587F9A4AB99D350A /* iSnap */,
				2928ACDD44499FDD027F2DE9 /* iSnapWidget */,
				EE1392BC878FF83BF95509D0 /* iSnapTests */,
			);
		};
/* End PBXProject section */

/* Begin PBXResourcesBuildPhase section */
		56890D462B8F01165EB16A7C /* Resources */ = {
			isa = PBXResourcesBuildPhase;
			buildActionMask = 2147483647;
			files = (
				157B08AE03A0D18833D5AAB3 /* Assets.xcassets in Resources */,
				0797966117A9C4AA63E34D84 /* Localizable.xcstrings in Resources */,
			);
			runOnlyForDeploymentPostprocessing = 0;
		};
/* End PBXResourcesBuildPhase section */

/* Begin PBXSourcesBuildPhase section */
		146C5D07D83BDD91724EE468 /* Sources */ = {
			isa = PBXSourcesBuildPhase;
			buildActionMask = 2147483647;
			files = (
				03C7F1B5AAAA80CA1C1173E2 /* iSnapWidget.swift in Sources */,
			);
			runOnlyForDeploymentPostprocessing = 0;
		};
		30CEF6FEF63F6E5954C57608 /* Sources */ = {
			isa = PBXSourcesBuildPhase;
			buildActionMask = 2147483647;
			files = (
				FAE6E319DB64EB696744FFB7 /* Annotation.swift in Sources */,
				1DADBF2769BA64770BAD5FAD /* AnnotationToolbar.swift in Sources */,
				2F0371B537ADA42E5E513DE7 /* AppLanguage.swift in Sources */,
				8C7A15F4A7473B33883DA427 /* AppModel.swift in Sources */,
				D529B6522AA18B6F6475C195 /* AppModels.swift in Sources */,
				E4468B47CE961D9C101694D1 /* AppSettings.swift in Sources */,
				131C9462160D353BEA43A7B2 /* BackgroundImageStore.swift in Sources */,
				61F5CAC95889899C7BAEF4DC /* CanvasSettingsPanel.swift in Sources */,
				D2E00C0F4FDD80EAAA5755F4 /* CaptureLine.swift in Sources */,
				D00E2A4EC6A9C1E801671B6C /* CaptureLineController.swift in Sources */,
				99CA71211A895F54B4B4A06A /* CaptureLineFlight.swift in Sources */,
				9E6E7995E5E19BEDCDDEE906 /* CaptureLineView.swift in Sources */,
				A3258223A884F84E875D7267 /* CaptureService.swift in Sources */,
				DBD3DF7C107CC3AB81A3564C /* CaptureToolbar.swift in Sources */,
				3D435BB4A2D93B93F4085C59 /* ContentView.swift in Sources */,
				05935E9E231E6907F996FDA9 /* DocVaultService.swift in Sources */,
				7BF2786852856B601028DD82 /* EditorCanvas.swift in Sources */,
				5CED5BEECA8211BD033594ED /* EditorDocument.swift in Sources */,
				237587E31DFFDFDBD6B57CFF /* ExportRenderer.swift in Sources */,
				6F3979F042D08012BF8D168C /* ExportService.swift in Sources */,
				5F2F2047C07FE752423AF7F8 /* GlobalHotkeyService.swift in Sources */,
				30AD25CD9F318BC1CEABA35B /* GoogleDriveUploader.swift in Sources */,
				CA07CB97BC7405924B7204B6 /* HotkeyRecorder.swift in Sources */,
				15C85B90980F4B6361A5B273 /* ImageIOService.swift in Sources */,
				8E3DD364FB15FE6AAF3A9DE9 /* KeychainStore.swift in Sources */,
				333D7D755E2418135E5008FC /* LaunchAtLoginService.swift in Sources */,
				8B0B619DFF38CF91884DB695 /* LibraryService.swift in Sources */,
				75322824D8E9724B8422E152 /* LibraryThumbnail.swift in Sources */,
				64DAF9434207B82A4AEA9C7C /* LibraryView.swift in Sources */,
				B62CB0827A359E81CE35676C /* R2Uploader.swift in Sources */,
				45AE26D63EC3F9B856C5C220 /* RegionCaptureCoordinator.swift in Sources */,
				DA85E083F62232D38D9FAF1C /* ScreenshotFolderWatcher.swift in Sources */,
				31639E4FC5F895213DCFEF34 /* ScreenshotParseView.swift in Sources */,
				A8B36BBEA7571965B98A16A0 /* ScreenshotParserService.swift in Sources */,
				DF00FE7AB936C04E3AA72A39 /* SettingsStore.swift in Sources */,
				2C2A8951D883C85E29BB6E65 /* SettingsView.swift in Sources */,
				4A8BDDA26D3D07E001FD6B82 /* SystemMarkupService.swift in Sources */,
				E7FAB9A6A0C507ED58853CB3 /* UpdateService.swift in Sources */,
				257D0EE3B9DAB946B13A25CA /* WidgetSnapshotService.swift in Sources */,
				9442C7129B1B06F9587CDFAF /* WindowPickerView.swift in Sources */,
				A5C227677BF602D10C0D85F7 /* iSnapApp.swift in Sources */,
			);
			runOnlyForDeploymentPostprocessing = 0;
		};
		62F469FB35472D7A5937D70B /* Sources */ = {
			isa = PBXSourcesBuildPhase;
			buildActionMask = 2147483647;
			files = (
				5E68886067CFD1042751613E /* CaptureLineTests.swift in Sources */,
				E700FAB0E3EEAA1345E30345 /* ModelTests.swift in Sources */,
			);
			runOnlyForDeploymentPostprocessing = 0;
		};
/* End PBXSourcesBuildPhase section */

/* Begin PBXTargetDependency section */
		0A2263503C86DA56090FB9B6 /* PBXTargetDependency */ = {
			isa = PBXTargetDependency;
			target = 2EBBCB03587F9A4AB99D350A /* iSnap */;
			targetProxy = 8400B8801099EAF590A4CBEB /* PBXContainerItemProxy */;
		};
		C5855F317C605921564AAAE1 /* PBXTargetDependency */ = {
			isa = PBXTargetDependency;
			target = 2928ACDD44499FDD027F2DE9 /* iSnapWidget */;
			targetProxy = 4E6C10BD3D9188B88159BF20 /* PBXContainerItemProxy */;
		};
/* End PBXTargetDependency section */

/* Begin XCBuildConfiguration section */
		0549F9D07497E5DB096E4040 /* Debug */ = {
			isa = XCBuildConfiguration;
			buildSettings = {
				ASSETCATALOG_COMPILER_APPICON_NAME = AppIcon;
				CODE_SIGN_ENTITLEMENTS = Sources/iSnap/Resources/iSnap.entitlements;
				COMBINE_HIDPI_IMAGES = YES;
				GENERATE_INFOPLIST_FILE = NO;
				INFOPLIST_FILE = Sources/iSnap/Resources/Info.plist;
				LD_RUNPATH_SEARCH_PATHS = (
					"$(inherited)",
					"@executable_path/../Frameworks",
				);
				LOCALIZATION_PREFERS_STRING_CATALOGS = YES;
				PRODUCT_BUNDLE_IDENTIFIER = dev.isnap.app;
				PRODUCT_NAME = iSnap;
				SDKROOT = macosx;
				SWIFT_EMIT_LOC_STRINGS = YES;
			};
			name = Debug;
		};
		350682A25AC74D1DD9846B92 /* Debug */ = {
			isa = XCBuildConfiguration;
			buildSettings = {
				ALWAYS_SEARCH_USER_PATHS = NO;
				CLANG_ANALYZER_NONNULL = YES;
				CLANG_ANALYZER_NUMBER_OBJECT_CONVERSION = YES_AGGRESSIVE;
				CLANG_CXX_LANGUAGE_STANDARD = "gnu++14";
				CLANG_CXX_LIBRARY = "libc++";
				CLANG_ENABLE_MODULES = YES;
				CLANG_ENABLE_OBJC_ARC = YES;
				CLANG_ENABLE_OBJC_WEAK = YES;
				CLANG_WARN_BLOCK_CAPTURE_AUTORELEASING = YES;
				CLANG_WARN_BOOL_CONVERSION = YES;
				CLANG_WARN_COMMA = YES;
				CLANG_WARN_CONSTANT_CONVERSION = YES;
				CLANG_WARN_DEPRECATED_OBJC_IMPLEMENTATIONS = YES;
				CLANG_WARN_DIRECT_OBJC_ISA_USAGE = YES_ERROR;
				CLANG_WARN_DOCUMENTATION_COMMENTS = YES;
				CLANG_WARN_EMPTY_BODY = YES;
				CLANG_WARN_ENUM_CONVERSION = YES;
				CLANG_WARN_INFINITE_RECURSION = YES;
				CLANG_WARN_INT_CONVERSION = YES;
				CLANG_WARN_NON_LITERAL_NULL_CONVERSION = YES;
				CLANG_WARN_OBJC_IMPLICIT_RETAIN_SELF = YES;
				CLANG_WARN_OBJC_LITERAL_CONVERSION = YES;
				CLANG_WARN_OBJC_ROOT_CLASS = YES_ERROR;
				CLANG_WARN_QUOTED_INCLUDE_IN_FRAMEWORK_HEADER = YES;
				CLANG_WARN_RANGE_LOOP_ANALYSIS = YES;
				CLANG_WARN_STRICT_PROTOTYPES = YES;
				CLANG_WARN_SUSPICIOUS_MOVE = YES;
				CLANG_WARN_UNGUARDED_AVAILABILITY = YES_AGGRESSIVE;
				CLANG_WARN_UNREACHABLE_CODE = YES;
				CLANG_WARN__DUPLICATE_METHOD_MATCH = YES;
				CODE_SIGN_STYLE = Automatic;
				COPY_PHASE_STRIP = NO;
				DEBUG_INFORMATION_FORMAT = dwarf;
				DEVELOPMENT_TEAM = TXD67UY7X2;
				ENABLE_HARDENED_RUNTIME = YES;
				ENABLE_STRICT_OBJC_MSGSEND = YES;
				ENABLE_TESTABILITY = YES;
				GCC_C_LANGUAGE_STANDARD = gnu11;
				GCC_DYNAMIC_NO_PIC = NO;
				GCC_NO_COMMON_BLOCKS = YES;
				GCC_OPTIMIZATION_LEVEL = 0;
				GCC_PREPROCESSOR_DEFINITIONS = (
					"$(inherited)",
					"DEBUG=1",
				);
				GCC_WARN_64_TO_32_BIT_CONVERSION = YES;
				GCC_WARN_ABOUT_RETURN_TYPE = YES_ERROR;
				GCC_WARN_UNDECLARED_SELECTOR = YES;
				GCC_WARN_UNINITIALIZED_AUTOS = YES_AGGRESSIVE;
				GCC_WARN_UNUSED_FUNCTION = YES;
				GCC_WARN_UNUSED_VARIABLE = YES;
				MACOSX_DEPLOYMENT_TARGET = 14.0;
				MTL_ENABLE_DEBUG_INFO = INCLUDE_SOURCE;
				MTL_FAST_MATH = YES;
				ONLY_ACTIVE_ARCH = YES;
				PRODUCT_NAME = "$(TARGET_NAME)";
				SDKROOT = macosx;
				SWIFT_ACTIVE_COMPILATION_CONDITIONS = DEBUG;
				SWIFT_OPTIMIZATION_LEVEL = "-Onone";
				SWIFT_VERSION = 5.0;
			};
			name = Debug;
		};
		57F40B7230477DA8CDA761B3 /* Release */ = {
			isa = XCBuildConfiguration;
			buildSettings = {
				BUNDLE_LOADER = "$(TEST_HOST)";
				COMBINE_HIDPI_IMAGES = YES;
				LD_RUNPATH_SEARCH_PATHS = (
					"$(inherited)",
					"@executable_path/../Frameworks",
					"@loader_path/../Frameworks",
				);
				PRODUCT_BUNDLE_IDENTIFIER = dev.isnap.iSnapTests;
				SDKROOT = macosx;
				TEST_HOST = "$(BUILT_PRODUCTS_DIR)/iSnap.app/Contents/MacOS/iSnap";
			};
			name = Release;
		};
		5D3A9A759E03B123794E849B /* Release */ = {
			isa = XCBuildConfiguration;
			buildSettings = {
				APPLICATION_EXTENSION_API_ONLY = YES;
				CODE_SIGN_ENTITLEMENTS = Sources/iSnapWidget/iSnapWidget.entitlements;
				COMBINE_HIDPI_IMAGES = YES;
				GENERATE_INFOPLIST_FILE = NO;
				INFOPLIST_FILE = Sources/iSnapWidget/Info.plist;
				LD_RUNPATH_SEARCH_PATHS = (
					"$(inherited)",
					"@executable_path/../Frameworks",
					"@executable_path/../../../../Frameworks",
				);
				PRODUCT_BUNDLE_IDENTIFIER = dev.isnap.app.widget;
				PRODUCT_NAME = iSnapWidget;
				SDKROOT = macosx;
				SKIP_INSTALL = YES;
			};
			name = Release;
		};
		629729A52BCBDDDCE6AE29FF /* Debug */ = {
			isa = XCBuildConfiguration;
			buildSettings = {
				BUNDLE_LOADER = "$(TEST_HOST)";
				COMBINE_HIDPI_IMAGES = YES;
				LD_RUNPATH_SEARCH_PATHS = (
					"$(inherited)",
					"@executable_path/../Frameworks",
					"@loader_path/../Frameworks",
				);
				PRODUCT_BUNDLE_IDENTIFIER = dev.isnap.iSnapTests;
				SDKROOT = macosx;
				TEST_HOST = "$(BUILT_PRODUCTS_DIR)/iSnap.app/Contents/MacOS/iSnap";
			};
			name = Debug;
		};
		7A9AC1ED229C21E0D5BFB8B3 /* Release */ = {
			isa = XCBuildConfiguration;
			buildSettings = {
				ASSETCATALOG_COMPILER_APPICON_NAME = AppIcon;
				CODE_SIGN_ENTITLEMENTS = Sources/iSnap/Resources/iSnap.entitlements;
				COMBINE_HIDPI_IMAGES = YES;
				GENERATE_INFOPLIST_FILE = NO;
				INFOPLIST_FILE = Sources/iSnap/Resources/Info.plist;
				LD_RUNPATH_SEARCH_PATHS = (
					"$(inherited)",
					"@executable_path/../Frameworks",
				);
				LOCALIZATION_PREFERS_STRING_CATALOGS = YES;
				PRODUCT_BUNDLE_IDENTIFIER = dev.isnap.app;
				PRODUCT_NAME = iSnap;
				SDKROOT = macosx;
				SWIFT_EMIT_LOC_STRINGS = YES;
			};
			name = Release;
		};
		C2025980D367941FC4125325 /* Release */ = {
			isa = XCBuildConfiguration;
			buildSettings = {
				ALWAYS_SEARCH_USER_PATHS = NO;
				CLANG_ANALYZER_NONNULL = YES;
				CLANG_ANALYZER_NUMBER_OBJECT_CONVERSION = YES_AGGRESSIVE;
				CLANG_CXX_LANGUAGE_STANDARD = "gnu++14";
				CLANG_CXX_LIBRARY = "libc++";
				CLANG_ENABLE_MODULES = YES;
				CLANG_ENABLE_OBJC_ARC = YES;
				CLANG_ENABLE_OBJC_WEAK = YES;
				CLANG_WARN_BLOCK_CAPTURE_AUTORELEASING = YES;
				CLANG_WARN_BOOL_CONVERSION = YES;
				CLANG_WARN_COMMA = YES;
				CLANG_WARN_CONSTANT_CONVERSION = YES;
				CLANG_WARN_DEPRECATED_OBJC_IMPLEMENTATIONS = YES;
				CLANG_WARN_DIRECT_OBJC_ISA_USAGE = YES_ERROR;
				CLANG_WARN_DOCUMENTATION_COMMENTS = YES;
				CLANG_WARN_EMPTY_BODY = YES;
				CLANG_WARN_ENUM_CONVERSION = YES;
				CLANG_WARN_INFINITE_RECURSION = YES;
				CLANG_WARN_INT_CONVERSION = YES;
				CLANG_WARN_NON_LITERAL_NULL_CONVERSION = YES;
				CLANG_WARN_OBJC_IMPLICIT_RETAIN_SELF = YES;
				CLANG_WARN_OBJC_LITERAL_CONVERSION = YES;
				CLANG_WARN_OBJC_ROOT_CLASS = YES_ERROR;
				CLANG_WARN_QUOTED_INCLUDE_IN_FRAMEWORK_HEADER = YES;
				CLANG_WARN_RANGE_LOOP_ANALYSIS = YES;
				CLANG_WARN_STRICT_PROTOTYPES = YES;
				CLANG_WARN_SUSPICIOUS_MOVE = YES;
				CLANG_WARN_UNGUARDED_AVAILABILITY = YES_AGGRESSIVE;
				CLANG_WARN_UNREACHABLE_CODE = YES;
				CLANG_WARN__DUPLICATE_METHOD_MATCH = YES;
				CODE_SIGN_STYLE = Automatic;
				COPY_PHASE_STRIP = NO;
				DEBUG_INFORMATION_FORMAT = "dwarf-with-dsym";
				DEVELOPMENT_TEAM = TXD67UY7X2;
				ENABLE_HARDENED_RUNTIME = YES;
				ENABLE_NS_ASSERTIONS = NO;
				ENABLE_STRICT_OBJC_MSGSEND = YES;
				GCC_C_LANGUAGE_STANDARD = gnu11;
				GCC_NO_COMMON_BLOCKS = YES;
				GCC_WARN_64_TO_32_BIT_CONVERSION = YES;
				GCC_WARN_ABOUT_RETURN_TYPE = YES_ERROR;
				GCC_WARN_UNDECLARED_SELECTOR = YES;
				GCC_WARN_UNINITIALIZED_AUTOS = YES_AGGRESSIVE;
				GCC_WARN_UNUSED_FUNCTION = YES;
				GCC_WARN_UNUSED_VARIABLE = YES;
				MACOSX_DEPLOYMENT_TARGET = 14.0;
				MTL_ENABLE_DEBUG_INFO = NO;
				MTL_FAST_MATH = YES;
				PRODUCT_NAME = "$(TARGET_NAME)";
				SDKROOT = macosx;
				SWIFT_COMPILATION_MODE = wholemodule;
				SWIFT_OPTIMIZATION_LEVEL = "-O";
				SWIFT_VERSION = 5.0;
			};
			name = Release;
		};
		FA2B58D69FE7A4925BBFC36A /* Debug */ = {
			isa = XCBuildConfiguration;
			buildSettings = {
				APPLICATION_EXTENSION_API_ONLY = YES;
				CODE_SIGN_ENTITLEMENTS = Sources/iSnapWidget/iSnapWidget.entitlements;
				COMBINE_HIDPI_IMAGES = YES;
				GENERATE_INFOPLIST_FILE = NO;
				INFOPLIST_FILE = Sources/iSnapWidget/Info.plist;
				LD_RUNPATH_SEARCH_PATHS = (
					"$(inherited)",
					"@executable_path/../Frameworks",
					"@executable_path/../../../../Frameworks",
				);
				PRODUCT_BUNDLE_IDENTIFIER = dev.isnap.app.widget;
				PRODUCT_NAME = iSnapWidget;
				SDKROOT = macosx;
				SKIP_INSTALL = YES;
			};
			name = Debug;
		};
/* End XCBuildConfiguration section */

/* Begin XCConfigurationList section */
		153C71BF2685F3D07E0A36EC /* Build configuration list for PBXNativeTarget "iSnap" */ = {
			isa = XCConfigurationList;
			buildConfigurations = (
				0549F9D07497E5DB096E4040 /* Debug */,
				7A9AC1ED229C21E0D5BFB8B3 /* Release */,
			);
			defaultConfigurationIsVisible = 0;
			defaultConfigurationName = Debug;
		};
		65E3BDFA1BA5A7D7F41989E6 /* Build configuration list for PBXNativeTarget "iSnapWidget" */ = {
			isa = XCConfigurationList;
			buildConfigurations = (
				FA2B58D69FE7A4925BBFC36A /* Debug */,
				5D3A9A759E03B123794E849B /* Release */,
			);
			defaultConfigurationIsVisible = 0;
			defaultConfigurationName = Debug;
		};
		C009C80984C7B50DA4EFF2FC /* Build configuration list for PBXProject "iSnap" */ = {
			isa = XCConfigurationList;
			buildConfigurations = (
				350682A25AC74D1DD9846B92 /* Debug */,
				C2025980D367941FC4125325 /* Release */,
			);
			defaultConfigurationIsVisible = 0;
			defaultConfigurationName = Debug;
		};
		EFA25DEE4D0C469BC0CCCD5F /* Build configuration list for PBXNativeTarget "iSnapTests" */ = {
			isa = XCConfigurationList;
			buildConfigurations = (
				629729A52BCBDDDCE6AE29FF /* Debug */,
				57F40B7230477DA8CDA761B3 /* Release */,
			);
			defaultConfigurationIsVisible = 0;
			defaultConfigurationName = Debug;
		};
/* End XCConfigurationList section */
	};
	rootObject = 0CC96839766523E530AB297B /* Project object */;
}
